
Microsoft Visual Studio Solution File, Format Version 12.00
# Visual Studio Version 16
VisualStudioVersion = 16.0.31624.102
MinimumVisualStudioVersion = 10.0.40219.1
Project("{FAE04EC0-301F-11D3-BF4B-00C04F79EFBC}") = "Rocky", "Rocky\Rocky.csproj", "{C97AD3D6-AAEA-4D94-85F5-44281AC8BC90}"
EndProject
Global
	GlobalSection(SolutionConfigurationPlatforms) = preSolution
		Debug|Any CPU = Debug|Any CPU
		Release|Any CPU = Release|Any CPU
	EndGlobalSection
	GlobalSection(ProjectConfigurationPlatforms) = postSolution
		{C97AD3D6-AAEA-4D94-85F5-44281AC8BC90}.Debug|Any CPU.ActiveCfg = Debug|Any CPU
		{C97AD3D6-AAEA-4D94-85F5-44281AC8BC90}.Debug|Any CPU.Build.0 = Debug|Any CPU
		{C97AD3D6-AAEA-4D94-85F5-44281AC8BC90}.Release|Any CPU.ActiveCfg = Release|Any CPU
		{C97AD3D6-AAEA-4D94-85F5-44281AC8BC90}.Release|Any CPU.Build.0 = Release|Any CPU
	EndGlobalSection
	GlobalSection(SolutionProperties) = preSolution
		HideSolutionNode = FALSE
	EndGlobalSection
	GlobalSection(ExtensibilityGlobals) = postSolution
		SolutionGuid = {683BCEA9-4C84-4E0D-8456-F92AC50D0CE5}
	EndGlobalSection
EndGlobal
